
Microsoft Visual Studio Solution File, Format Version 12.00
# Visual Studio Version 16
VisualStudioVersion = 16.0.31313.79
MinimumVisualStudioVersion = 10.0.40219.1
Project("{FAE04EC0-301F-11D3-BF4B-00C04F79EFBC}") = "DatabaseApplication", "DatabaseApplication\DatabaseApplication.csproj", "{37D8B1FF-3BA9-4BD8-BBE7-D49E831FB89A}"
EndProject
Global
	GlobalSection(SolutionConfigurationPlatforms) = preSolution
		Debug|Any CPU = Debug|Any CPU
		Release|Any CPU = Release|Any CPU
	EndGlobalSection
	GlobalSection(ProjectConfigurationPlatforms) = postSolution
		{37D8B1FF-3BA9-4BD8-BBE7-D49E831FB89A}.Debug|Any CPU.ActiveCfg = Debug|Any CPU
		{37D8B1FF-3BA9-4BD8-BBE7-D49E831FB89A}.Debug|Any CPU.Build.0 = Debug|Any CPU
		{37D8B1FF-3BA9-4BD8-BBE7-D49E831FB89A}.Release|Any CPU.ActiveCfg = Release|Any CPU
		{37D8B1FF-3BA9-4BD8-BBE7-D49E831FB89A}.Release|Any CPU.Build.0 = Release|Any CPU
	EndGlobalSection
	GlobalSection(SolutionProperties) = preSolution
		HideSolutionNode = FALSE
	EndGlobalSection
	GlobalSection(ExtensibilityGlobals) = postSolution
		SolutionGuid = {928ABAB6-75C1-476E-A376-7F298FE6EAF7}
	EndGlobalSection
EndGlobal
